
Microsoft Visual Studio Solution File, Format Version 12.00
# Visual Studio 14
VisualStudioVersion = 14.0.23107.0
MinimumVisualStudioVersion = 10.0.40219.1
Project("{FAE04EC0-301F-11D3-BF4B-00C04F79EFBC}") = "CSharp", "CSharp\CSharp.csproj", "{3D74A088-31D2-4DE5-B05A-A85458E7293B}"
EndProject
Project("{F184B08F-C81C-45F6-A57F-5ABD9991F28F}") = "VisualBasic", "VisualBasic\VisualBasic.vbproj", "{BEB83603-642C-4248-9766-E23146EB9D9D}"
EndProject
Global
	GlobalSection(SolutionConfigurationPlatforms) = preSolution
		Debug|Any CPU = Debug|Any CPU
		Release|Any CPU = Release|Any CPU
	EndGlobalSection
	GlobalSection(ProjectConfigurationPlatforms) = postSolution
		{3D74A088-31D2-4DE5-B05A-A85458E7293B}.Debug|Any CPU.ActiveCfg = Debug|Any CPU
		{3D74A088-31D2-4DE5-B05A-A85458E7293B}.Debug|Any CPU.Build.0 = Debug|Any CPU
		{3D74A088-31D2-4DE5-B05A-A85458E7293B}.Release|Any CPU.ActiveCfg = Release|Any CPU
		{3D74A088-31D2-4DE5-B05A-A85458E7293B}.Release|Any CPU.Build.0 = Release|Any CPU
		{BEB83603-642C-4248-9766-E23146EB9D9D}.Debug|Any CPU.ActiveCfg = Debug|Any CPU
		{BEB83603-642C-4248-9766-E23146EB9D9D}.Debug|Any CPU.Build.0 = Debug|Any CPU
		{BEB83603-642C-4248-9766-E23146EB9D9D}.Release|Any CPU.ActiveCfg = Release|Any CPU
		{BEB83603-642C-4248-9766-E23146EB9D9D}.Release|Any CPU.Build.0 = Release|Any CPU
	EndGlobalSection
	GlobalSection(SolutionProperties) = preSolution
		HideSolutionNode = FALSE
	EndGlobalSection
EndGlobal
